
Microsoft Visual Studio Solution File, Format Version 12.00
# Visual Studio Version 17
VisualStudioVersion = 17.11.35208.52
MinimumVisualStudioVersion = 10.0.40219.1
Project("{8BC9CEB8-8B4A-11D0-8D11-00A0C91BC942}") = "Week 8 HW Rainfall", "Week 8 HW Rainfall\Week 8 HW Rainfall.vcxproj", "{3114A73B-6F80-463C-8CE4-9BB52BC623D0}"
EndProject
Global
	GlobalSection(SolutionConfigurationPlatforms) = preSolution
		Debug|x64 = Debug|x64
		Debug|x86 = Debug|x86
		Release|x64 = Release|x64
		Release|x86 = Release|x86
	EndGlobalSection
	GlobalSection(ProjectConfigurationPlatforms) = postSolution
		{3114A73B-6F80-463C-8CE4-9BB52BC623D0}.Debug|x64.ActiveCfg = Debug|x64
		{3114A73B-6F80-463C-8CE4-9BB52BC623D0}.Debug|x64.Build.0 = Debug|x64
		{3114A73B-6F80-463C-8CE4-9BB52BC623D0}.Debug|x86.ActiveCfg = Debug|Win32
		{3114A73B-6F80-463C-8CE4-9BB52BC623D0}.Debug|x86.Build.0 = Debug|Win32
		{3114A73B-6F80-463C-8CE4-9BB52BC623D0}.Release|x64.ActiveCfg = Release|x64
		{3114A73B-6F80-463C-8CE4-9BB52BC623D0}.Release|x64.Build.0 = Release|x64
		{3114A73B-6F80-463C-8CE4-9BB52BC623D0}.Release|x86.ActiveCfg = Release|Win32
		{3114A73B-6F80-463C-8CE4-9BB52BC623D0}.Release|x86.Build.0 = Release|Win32
	EndGlobalSection
	GlobalSection(SolutionProperties) = preSolution
		HideSolutionNode = FALSE
	EndGlobalSection
	GlobalSection(ExtensibilityGlobals) = postSolution
		SolutionGuid = {F2342D91-2E3F-40CF-B44B-76FC740470A5}
	EndGlobalSection
EndGlobal
