
Microsoft Visual Studio Solution File, Format Version 12.00
# Visual Studio Version 17
VisualStudioVersion = 17.11.35208.52
MinimumVisualStudioVersion = 10.0.40219.1
Project("{8BC9CEB8-8B4A-11D0-8D11-00A0C91BC942}") = "Week 5 HW", "Week 5 HW\Week 5 HW.vcxproj", "{C105114E-756D-47C3-AD6E-5710FA008355}"
EndProject
Global
	GlobalSection(SolutionConfigurationPlatforms) = preSolution
		Debug|x64 = Debug|x64
		Debug|x86 = Debug|x86
		Release|x64 = Release|x64
		Release|x86 = Release|x86
	EndGlobalSection
	GlobalSection(ProjectConfigurationPlatforms) = postSolution
		{C105114E-756D-47C3-AD6E-5710FA008355}.Debug|x64.ActiveCfg = Debug|x64
		{C105114E-756D-47C3-AD6E-5710FA008355}.Debug|x64.Build.0 = Debug|x64
		{C105114E-756D-47C3-AD6E-5710FA008355}.Debug|x86.ActiveCfg = Debug|Win32
		{C105114E-756D-47C3-AD6E-5710FA008355}.Debug|x86.Build.0 = Debug|Win32
		{C105114E-756D-47C3-AD6E-5710FA008355}.Release|x64.ActiveCfg = Release|x64
		{C105114E-756D-47C3-AD6E-5710FA008355}.Release|x64.Build.0 = Release|x64
		{C105114E-756D-47C3-AD6E-5710FA008355}.Release|x86.ActiveCfg = Release|Win32
		{C105114E-756D-47C3-AD6E-5710FA008355}.Release|x86.Build.0 = Release|Win32
	EndGlobalSection
	GlobalSection(SolutionProperties) = preSolution
		HideSolutionNode = FALSE
	EndGlobalSection
	GlobalSection(ExtensibilityGlobals) = postSolution
		SolutionGuid = {DB2A20CA-4A2A-47D5-8157-151637B19851}
	EndGlobalSection
EndGlobal
